// !$*UTF8*$!
{
	archiveVersion = 1;
	classes = {
	};
	objectVersion = 55;
	objects = {

/* Begin PBXBuildFile section */
		13206BB12809FDF20070D5DC /* settingViewController.swift in Sources */ = {isa = PBXBuildFile; fileRef = 13206BB02809FDF20070D5DC /* settingViewController.swift */; };
		13206BB32809FE0F0070D5DC /* HomeViewController.swift in Sources */ = {isa = PBXBuildFile; fileRef = 13206BB22809FE0F0070D5DC /* HomeViewController.swift */; };
		13206BB52809FE3F0070D5DC /* DetailsPlantViewController.swift in Sources */ = {isa = PBXBuildFile; fileRef = 13206BB42809FE3F0070D5DC /* DetailsPlantViewController.swift */; };
		13206BBF280A0B590070D5DC /* plantAddViewController.swift in Sources */ = {isa = PBXBuildFile; fileRef = 13206BBE280A0B590070D5DC /* plantAddViewController.swift */; };
		13206BC1280A14FF0070D5DC /* SuiviViewController.swift in Sources */ = {isa = PBXBuildFile; fileRef = 13206BC0280A14FF0070D5DC /* SuiviViewController.swift */; };
		13206BC3280A151A0070D5DC /* DetailsSuiviViewController.swift in Sources */ = {isa = PBXBuildFile; fileRef = 13206BC2280A151A0070D5DC /* DetailsSuiviViewController.swift */; };
		13206BC5280A15290070D5DC /* AddSuiviViewController.swift in Sources */ = {isa = PBXBuildFile; fileRef = 13206BC4280A15290070D5DC /* AddSuiviViewController.swift */; };
		13B285A22804FBE2006A24EF /* AppDelegate.swift in Sources */ = {isa = PBXBuildFile; fileRef = 13B285A12804FBE2006A24EF /* AppDelegate.swift */; };
		13B285A42804FBE2006A24EF /* SceneDelegate.swift in Sources */ = {isa = PBXBuildFile; fileRef = 13B285A32804FBE2006A24EF /* SceneDelegate.swift */; };
		13B285A62804FBE2006A24EF /* ViewController.swift in Sources */ = {isa = PBXBuildFile; fileRef = 13B285A52804FBE2006A24EF /* ViewController.swift */; };
		13B285A92804FBE2006A24EF /* Main.storyboard in Resources */ = {isa = PBXBuildFile; fileRef = 13B285A72804FBE2006A24EF /* Main.storyboard */; };
		13B285AC2804FBE2006A24EF /* plantcare.xcdatamodeld in Sources */ = {isa = PBXBuildFile; fileRef = 13B285AA2804FBE2006A24EF /* plantcare.xcdatamodeld */; };
		13B285AE2804FBE3006A24EF /* Assets.xcassets in Resources */ = {isa = PBXBuildFile; fileRef = 13B285AD2804FBE3006A24EF /* Assets.xcassets */; };
		13B285B12804FBE3006A24EF /* LaunchScreen.storyboard in Resources */ = {isa = PBXBuildFile; fileRef = 13B285AF2804FBE3006A24EF /* LaunchScreen.storyboard */; };
		13B285BB28050AD5006A24EF /* Signin.swift in Sources */ = {isa = PBXBuildFile; fileRef = 13B285BA28050AD5006A24EF /* Signin.swift */; };
		13B285BF280513AE006A24EF /* sigup.swift in Sources */ = {isa = PBXBuildFile; fileRef = 13B285BE280513AE006A24EF /* sigup.swift */; };
		13B285C128051CF4006A24EF /* LandingPageViewController.swift in Sources */ = {isa = PBXBuildFile; fileRef = 13B285C028051CF4006A24EF /* LandingPageViewController.swift */; };
/* End PBXBuildFile section */

/* Begin PBXFileReference section */
		13206BB02809FDF20070D5DC /* settingViewController.swift */ = {isa = PBXFileReference; lastKnownFileType = sourcecode.swift; path = settingViewController.swift; sourceTree = "<group>"; };
		13206BB22809FE0F0070D5DC /* HomeViewController.swift */ = {isa = PBXFileReference; lastKnownFileType = sourcecode.swift; path = HomeViewController.swift; sourceTree = "<group>"; };
		13206BB42809FE3F0070D5DC /* DetailsPlantViewController.swift */ = {isa = PBXFileReference; lastKnownFileType = sourcecode.swift; path = DetailsPlantViewController.swift; sourceTree = "<group>"; };
		13206BBE280A0B590070D5DC /* plantAddViewController.swift */ = {isa = PBXFileReference; lastKnownFileType = sourcecode.swift; path = plantAddViewController.swift; sourceTree = "<group>"; };
		13206BC0280A14FF0070D5DC /* SuiviViewController.swift */ = {isa = PBXFileReference; lastKnownFileType = sourcecode.swift; path = SuiviViewController.swift; sourceTree = "<group>"; };
		13206BC2280A151A0070D5DC /* DetailsSuiviViewController.swift */ = {isa = PBXFileReference; lastKnownFileType = sourcecode.swift; path = DetailsSuiviViewController.swift; sourceTree = "<group>"; };
		13206BC4280A15290070D5DC /* AddSuiviViewController.swift */ = {isa = PBXFileReference; lastKnownFileType = sourcecode.swift; path = AddSuiviViewController.swift; sourceTree = "<group>"; };
		13B2859E2804FBE2006A24EF /* plantcare.app */ = {isa = PBXFileReference; explicitFileType = wrapper.application; includeInIndex = 0; path = plantcare.app; sourceTree = BUILT_PRODUCTS_DIR; };
		13B285A12804FBE2006A24EF /* AppDelegate.swift */ = {isa = PBXFileReference; lastKnownFileType = sourcecode.swift; path = AppDelegate.swift; sourceTree = "<group>"; };
		13B285A32804FBE2006A24EF /* SceneDelegate.swift */ = {isa = PBXFileReference; lastKnownFileType = sourcecode.swift; path = SceneDelegate.swift; sourceTree = "<group>"; };
		13B285A52804FBE2006A24EF /* ViewController.swift */ = {isa = PBXFileReference; lastKnownFileType = sourcecode.swift; path = ViewController.swift; sourceTree = "<group>"; };
		13B285A82804FBE2006A24EF /* Base */ = {isa = PBXFileReference; lastKnownFileType = file.storyboard; name = Base; path = Base.lproj/Main.storyboard; sourceTree = "<group>"; };
		13B285AB2804FBE2006A24EF /* plantcare.xcdatamodel */ = {isa = PBXFileReference; lastKnownFileType = wrapper.xcdatamodel; path = plantcare.xcdatamodel; sourceTree = "<group>"; };
		13B285AD2804FBE3006A24EF /* Assets.xcassets */ = {isa = PBXFileReference; lastKnownFileType = folder.assetcatalog; path = Assets.xcassets; sourceTree = "<group>"; };
		13B285B02804FBE3006A24EF /* Base */ = {isa = PBXFileReference; lastKnownFileType = file.storyboard; name = Base; path = Base.lproj/LaunchScreen.storyboard; sourceTree = "<group>"; };
		13B285B22804FBE3006A24EF /* Info.plist */ = {isa = PBXFileReference; lastKnownFileType = text.plist.xml; path = Info.plist; sourceTree = "<group>"; };
		13B285BA28050AD5006A24EF /* Signin.swift */ = {isa = PBXFileReference; lastKnownFileType = sourcecode.swift; path = Signin.swift; sourceTree = "<group>"; };
		13B285BE280513AE006A24EF /* sigup.swift */ = {isa = PBXFileReference; lastKnownFileType = sourcecode.swift; path = sigup.swift; sourceTree = "<group>"; };
		13B285C028051CF4006A24EF /* LandingPageViewController.swift */ = {isa = PBXFileReference; lastKnownFileType = sourcecode.swift; path = LandingPageViewController.swift; sourceTree = "<group>"; };
/* End PBXFileReference section */

/* Begin PBXFrameworksBuildPhase section */
		13B2859B2804FBE2006A24EF /* Frameworks */ = {
			isa = PBXFrameworksBuildPhase;
			buildActionMask = 2147483647;
			files = (
			);
			runOnlyForDeploymentPostprocessing = 0;
		};
/* End PBXFrameworksBuildPhase section */

/* Begin PBXGroup section */
		13B285952804FBE2006A24EF = {
			isa = PBXGroup;
			children = (
				13B285A02804FBE2006A24EF /* plantcare */,
				13B2859F2804FBE2006A24EF /* Products */,
			);
			sourceTree = "<group>";
		};
		13B2859F2804FBE2006A24EF /* Products */ = {
			isa = PBXGroup;
			children = (
				13B2859E2804FBE2006A24EF /* plantcare.app */,
			);
			name = Products;
			sourceTree = "<group>";
		};
		13B285A02804FBE2006A24EF /* plantcare */ = {
			isa = PBXGroup;
			children = (
				13B285A12804FBE2006A24EF /* AppDelegate.swift */,
				13B285C028051CF4006A24EF /* LandingPageViewController.swift */,
				13B285A32804FBE2006A24EF /* SceneDelegate.swift */,
				13B285A52804FBE2006A24EF /* ViewController.swift */,
				13B285A72804FBE2006A24EF /* Main.storyboard */,
				13B285AD2804FBE3006A24EF /* Assets.xcassets */,
				13B285AF2804FBE3006A24EF /* LaunchScreen.storyboard */,
				13B285B22804FBE3006A24EF /* Info.plist */,
				13B285AA2804FBE2006A24EF /* plantcare.xcdatamodeld */,
				13B285BA28050AD5006A24EF /* Signin.swift */,
				13B285BE280513AE006A24EF /* sigup.swift */,
				13206BB02809FDF20070D5DC /* settingViewController.swift */,
				13206BB22809FE0F0070D5DC /* HomeViewController.swift */,
				13206BB42809FE3F0070D5DC /* DetailsPlantViewController.swift */,
				13206BBE280A0B590070D5DC /* plantAddViewController.swift */,
				13206BC0280A14FF0070D5DC /* SuiviViewController.swift */,
				13206BC2280A151A0070D5DC /* DetailsSuiviViewController.swift */,
				13206BC4280A15290070D5DC /* AddSuiviViewController.swift */,
			);
			path = plantcare;
			sourceTree = "<group>";
		};
/* End PBXGroup section */

/* Begin PBXNativeTarget section */
		13B2859D2804FBE2006A24EF /* plantcare */ = {
			isa = PBXNativeTarget;
			buildConfigurationList = 13B285B52804FBE3006A24EF /* Build configuration list for PBXNativeTarget "plantcare" */;
			buildPhases = (
				13B2859A2804FBE2006A24EF /* Sources */,
				13B2859B2804FBE2006A24EF /* Frameworks */,
				13B2859C2804FBE2006A24EF /* Resources */,
			);
			buildRules = (
			);
			dependencies = (
			);
			name = plantcare;
			productName = plantcare;
			productReference = 13B2859E2804FBE2006A24EF /* plantcare.app */;
			productType = "com.apple.product-type.application";
		};
/* End PBXNativeTarget section */

/* Begin PBXProject section */
		13B285962804FBE2006A24EF /* Project object */ = {
			isa = PBXProject;
			attributes = {
				BuildIndependentTargetsInParallel = 1;
				LastSwiftUpdateCheck = 1300;
				LastUpgradeCheck = 1300;
				TargetAttributes = {
					13B2859D2804FBE2006A24EF = {
						CreatedOnToolsVersion = 13.0;
					};
				};
			};
			buildConfigurationList = 13B285992804FBE2006A24EF /* Build configuration list for PBXProject "plantcare" */;
			compatibilityVersion = "Xcode 13.0";
			developmentRegion = en;
			hasScannedForEncodings = 0;
			knownRegions = (
				en,
				Base,
			);
			mainGroup = 13B285952804FBE2006A24EF;
			productRefGroup = 13B2859F2804FBE2006A24EF /* Products */;
			projectDirPath = "";
			projectRoot = "";
			targets = (
				13B2859D2804FBE2006A24EF /* plantcare */,
			);
		};
/* End PBXProject section */

/* Begin PBXResourcesBuildPhase section */
		13B2859C2804FBE2006A24EF /* Resources */ = {
			isa = PBXResourcesBuildPhase;
			buildActionMask = 2147483647;
			files = (
				13B285B12804FBE3006A24EF /* LaunchScreen.storyboard in Resources */,
				13B285AE2804FBE3006A24EF /* Assets.xcassets in Resources */,
				13B285A92804FBE2006A24EF /* Main.storyboard in Resources */,
			);
			runOnlyForDeploymentPostprocessing = 0;
		};
/* End PBXResourcesBuildPhase section */

/* Begin PBXSourcesBuildPhase section */
		13B2859A2804FBE2006A24EF /* Sources */ = {
			isa = PBXSourcesBuildPhase;
			buildActionMask = 2147483647;
			files = (
				13206BB52809FE3F0070D5DC /* DetailsPlantViewController.swift in Sources */,
				13206BC5280A15290070D5DC /* AddSuiviViewController.swift in Sources */,
				13B285AC2804FBE2006A24EF /* plantcare.xcdatamodeld in Sources */,
				13B285A62804FBE2006A24EF /* ViewController.swift in Sources */,
				13206BC1280A14FF0070D5DC /* SuiviViewController.swift in Sources */,
				13B285C128051CF4006A24EF /* LandingPageViewController.swift in Sources */,
				13206BB12809FDF20070D5DC /* settingViewController.swift in Sources */,
				13206BBF280A0B590070D5DC /* plantAddViewController.swift in Sources */,
				13B285BF280513AE006A24EF /* sigup.swift in Sources */,
				13206BB32809FE0F0070D5DC /* HomeViewController.swift in Sources */,
				13B285A22804FBE2006A24EF /* AppDelegate.swift in Sources */,
				13206BC3280A151A0070D5DC /* DetailsSuiviViewController.swift in Sources */,
				13B285A42804FBE2006A24EF /* SceneDelegate.swift in Sources */,
				13B285BB28050AD5006A24EF /* Signin.swift in Sources */,
			);
			runOnlyForDeploymentPostprocessing = 0;
		};
/* End PBXSourcesBuildPhase section */

/* Begin PBXVariantGroup section */
		13B285A72804FBE2006A24EF /* Main.storyboard */ = {
			isa = PBXVariantGroup;
			children = (
				13B285A82804FBE2006A24EF /* Base */,
			);
			name = Main.storyboard;
			sourceTree = "<group>";
		};
		13B285AF2804FBE3006A24EF /* LaunchScreen.storyboard */ = {
			isa = PBXVariantGroup;
			children = (
				13B285B02804FBE3006A24EF /* Base */,
			);
			name = LaunchScreen.storyboard;
			sourceTree = "<group>";
		};
/* End PBXVariantGroup section */

/* Begin XCBuildConfiguration section */
		13B285B32804FBE3006A24EF /* Debug */ = {
			isa = XCBuildConfiguration;
			buildSettings = {
				ALWAYS_SEARCH_USER_PATHS = NO;
				CLANG_ANALYZER_NONNULL = YES;
				CLANG_ANALYZER_NUMBER_OBJECT_CONVERSION = YES_AGGRESSIVE;
				CLANG_CXX_LANGUAGE_STANDARD = "gnu++17";
				CLANG_CXX_LIBRARY = "libc++";
				CLANG_ENABLE_MODULES = YES;
				CLANG_ENABLE_OBJC_ARC = YES;
				CLANG_ENABLE_OBJC_WEAK = YES;
				CLANG_WARN_BLOCK_CAPTURE_AUTORELEASING = YES;
				CLANG_WARN_BOOL_CONVERSION = YES;
				CLANG_WARN_COMMA = YES;
				CLANG_WARN_CONSTANT_CONVERSION = YES;
				CLANG_WARN_DEPRECATED_OBJC_IMPLEMENTATIONS = YES;
				CLANG_WARN_DIRECT_OBJC_ISA_USAGE = YES_ERROR;
				CLANG_WARN_DOCUMENTATION_COMMENTS = YES;
				CLANG_WARN_EMPTY_BODY = YES;
				CLANG_WARN_ENUM_CONVERSION = YES;
				CLANG_WARN_INFINITE_RECURSION = YES;
				CLANG_WARN_INT_CONVERSION = YES;
				CLANG_WARN_NON_LITERAL_NULL_CONVERSION = YES;
				CLANG_WARN_OBJC_IMPLICIT_RETAIN_SELF = YES;
				CLANG_WARN_OBJC_LITERAL_CONVERSION = YES;
				CLANG_WARN_OBJC_ROOT_CLASS = YES_ERROR;
				CLANG_WARN_QUOTED_INCLUDE_IN_FRAMEWORK_HEADER = YES;
				CLANG_WARN_RANGE_LOOP_ANALYSIS = YES;
				CLANG_WARN_STRICT_PROTOTYPES = YES;
				CLANG_WARN_SUSPICIOUS_MOVE = YES;
				CLANG_WARN_UNGUARDED_AVAILABILITY = YES_AGGRESSIVE;
				CLANG_WARN_UNREACHABLE_CODE = YES;
				CLANG_WARN__DUPLICATE_METHOD_MATCH = YES;
				COPY_PHASE_STRIP = NO;
				DEBUG_INFORMATION_FORMAT = dwarf;
				ENABLE_STRICT_OBJC_MSGSEND = YES;
				ENABLE_TESTABILITY = YES;
				GCC_C_LANGUAGE_STANDARD = gnu11;
				GCC_DYNAMIC_NO_PIC = NO;
				GCC_NO_COMMON_BLOCKS = YES;
				GCC_OPTIMIZATION_LEVEL = 0;
				GCC_PREPROCESSOR_DEFINITIONS = (
					"DEBUG=1",
					"$(inherited)",
				);
				GCC_WARN_64_TO_32_BIT_CONVERSION = YES;
				GCC_WARN_ABOUT_RETURN_TYPE = YES_ERROR;
				GCC_WARN_UNDECLARED_SELECTOR = YES;
				GCC_WARN_UNINITIALIZED_AUTOS = YES_AGGRESSIVE;
				GCC_WARN_UNUSED_FUNCTION = YES;
				GCC_WARN_UNUSED_VARIABLE = YES;
				IPHONEOS_DEPLOYMENT_TARGET = 15.0;
				MTL_ENABLE_DEBUG_INFO = INCLUDE_SOURCE;
				MTL_FAST_MATH = YES;
				ONLY_ACTIVE_ARCH = YES;
				SDKROOT = iphoneos;
				SWIFT_ACTIVE_COMPILATION_CONDITIONS = DEBUG;
				SWIFT_OPTIMIZATION_LEVEL = "-Onone";
			};
			name = Debug;
		};
		13B285B42804FBE3006A24EF /* Release */ = {
			isa = XCBuildConfiguration;
			buildSettings = {
				ALWAYS_SEARCH_USER_PATHS = NO;
				CLANG_ANALYZER_NONNULL = YES;
				CLANG_ANALYZER_NUMBER_OBJECT_CONVERSION = YES_AGGRESSIVE;
				CLANG_CXX_LANGUAGE_STANDARD = "gnu++17";
				CLANG_CXX_LIBRARY = "libc++";
				CLANG_ENABLE_MODULES = YES;
				CLANG_ENABLE_OBJC_ARC = YES;
				CLANG_ENABLE_OBJC_WEAK = YES;
				CLANG_WARN_BLOCK_CAPTURE_AUTORELEASING = YES;
				CLANG_WARN_BOOL_CONVERSION = YES;
				CLANG_WARN_COMMA = YES;
				CLANG_WARN_CONSTANT_CONVERSION = YES;
				CLANG_WARN_DEPRECATED_OBJC_IMPLEMENTATIONS = YES;
				CLANG_WARN_DIRECT_OBJC_ISA_USAGE = YES_ERROR;
				CLANG_WARN_DOCUMENTATION_COMMENTS = YES;
				CLANG_WARN_EMPTY_BODY = YES;
				CLANG_WARN_ENUM_CONVERSION = YES;
				CLANG_WARN_INFINITE_RECURSION = YES;
				CLANG_WARN_INT_CONVERSION = YES;
				CLANG_WARN_NON_LITERAL_NULL_CONVERSION = YES;
				CLANG_WARN_OBJC_IMPLICIT_RETAIN_SELF = YES;
				CLANG_WARN_OBJC_LITERAL_CONVERSION = YES;
				CLANG_WARN_OBJC_ROOT_CLASS = YES_ERROR;
				CLANG_WARN_QUOTED_INCLUDE_IN_FRAMEWORK_HEADER = YES;
				CLANG_WARN_RANGE_LOOP_ANALYSIS = YES;
				CLANG_WARN_STRICT_PROTOTYPES = YES;
				CLANG_WARN_SUSPICIOUS_MOVE = YES;
				CLANG_WARN_UNGUARDED_AVAILABILITY = YES_AGGRESSIVE;
				CLANG_WARN_UNREACHABLE_CODE = YES;
				CLANG_WARN__DUPLICATE_METHOD_MATCH = YES;
				COPY_PHASE_STRIP = NO;
				DEBUG_INFORMATION_FORMAT = "dwarf-with-dsym";
				ENABLE_NS_ASSERTIONS = NO;
				ENABLE_STRICT_OBJC_MSGSEND = YES;
				GCC_C_LANGUAGE_STANDARD = gnu11;
				GCC_NO_COMMON_BLOCKS = YES;
				GCC_WARN_64_TO_32_BIT_CONVERSION = YES;
				GCC_WARN_ABOUT_RETURN_TYPE = YES_ERROR;
				GCC_WARN_UNDECLARED_SELECTOR = YES;
				GCC_WARN_UNINITIALIZED_AUTOS = YES_AGGRESSIVE;
				GCC_WARN_UNUSED_FUNCTION = YES;
				GCC_WARN_UNUSED_VARIABLE = YES;
				IPHONEOS_DEPLOYMENT_TARGET = 15.0;
				MTL_ENABLE_DEBUG_INFO = NO;
				MTL_FAST_MATH = YES;
				SDKROOT = iphoneos;
				SWIFT_COMPILATION_MODE = wholemodule;
				SWIFT_OPTIMIZATION_LEVEL = "-O";
				VALIDATE_PRODUCT = YES;
			};
			name = Release;
		};
		13B285B62804FBE3006A24EF /* Debug */ = {
			isa = XCBuildConfiguration;
			buildSettings = {
				ASSETCATALOG_COMPILER_APPICON_NAME = AppIcon;
				ASSETCATALOG_COMPILER_GLOBAL_ACCENT_COLOR_NAME = AccentColor;
				CODE_SIGN_STYLE = Automatic;
				CURRENT_PROJECT_VERSION = 1;
				GENERATE_INFOPLIST_FILE = YES;
				INFOPLIST_FILE = plantcare/Info.plist;
				INFOPLIST_KEY_UIApplicationSupportsIndirectInputEvents = YES;
				INFOPLIST_KEY_UILaunchStoryboardName = LaunchScreen;
				INFOPLIST_KEY_UIMainStoryboardFile = Main;
				INFOPLIST_KEY_UISupportedInterfaceOrientations_iPad = "UIInterfaceOrientationPortrait UIInterfaceOrientationPortraitUpsideDown UIInterfaceOrientationLandscapeLeft UIInterfaceOrientationLandscapeRight";
				INFOPLIST_KEY_UISupportedInterfaceOrientations_iPhone = "UIInterfaceOrientationPortrait UIInterfaceOrientationLandscapeLeft UIInterfaceOrientationLandscapeRight";
				LD_RUNPATH_SEARCH_PATHS = (
					"$(inherited)",
					"@executable_path/Frameworks",
				);
				MARKETING_VERSION = 1.0;
				PRODUCT_BUNDLE_IDENTIFIER = com.esprit.plantcare;
				PRODUCT_NAME = "$(TARGET_NAME)";
				SWIFT_EMIT_LOC_STRINGS = YES;
				SWIFT_VERSION = 5.0;
				TARGETED_DEVICE_FAMILY = "1,2";
			};
			name = Debug;
		};
		13B285B72804FBE3006A24EF /* Release */ = {
			isa = XCBuildConfiguration;
			buildSettings = {
				ASSETCATALOG_COMPILER_APPICON_NAME = AppIcon;
				ASSETCATALOG_COMPILER_GLOBAL_ACCENT_COLOR_NAME = AccentColor;
				CODE_SIGN_STYLE = Automatic;
				CURRENT_PROJECT_VERSION = 1;
				GENERATE_INFOPLIST_FILE = YES;
				INFOPLIST_FILE = plantcare/Info.plist;
				INFOPLIST_KEY_UIApplicationSupportsIndirectInputEvents = YES;
				INFOPLIST_KEY_UILaunchStoryboardName = LaunchScreen;
				INFOPLIST_KEY_UIMainStoryboardFile = Main;
				INFOPLIST_KEY_UISupportedInterfaceOrientations_iPad = "UIInterfaceOrientationPortrait UIInterfaceOrientationPortraitUpsideDown UIInterfaceOrientationLandscapeLeft UIInterfaceOrientationLandscapeRight";
				INFOPLIST_KEY_UISupportedInterfaceOrientations_iPhone = "UIInterfaceOrientationPortrait UIInterfaceOrientationLandscapeLeft UIInterfaceOrientationLandscapeRight";
				LD_RUNPATH_SEARCH_PATHS = (
					"$(inherited)",
					"@executable_path/Frameworks",
				);
				MARKETING_VERSION = 1.0;
				PRODUCT_BUNDLE_IDENTIFIER = com.esprit.plantcare;
				PRODUCT_NAME = "$(TARGET_NAME)";
				SWIFT_EMIT_LOC_STRINGS = YES;
				SWIFT_VERSION = 5.0;
				TARGETED_DEVICE_FAMILY = "1,2";
			};
			name = Release;
		};
/* End XCBuildConfiguration section */

/* Begin XCConfigurationList section */
		13B285992804FBE2006A24EF /* Build configuration list for PBXProject "plantcare" */ = {
			isa = XCConfigurationList;
			buildConfigurations = (
				13B285B32804FBE3006A24EF /* Debug */,
				13B285B42804FBE3006A24EF /* Release */,
			);
			defaultConfigurationIsVisible = 0;
			defaultConfigurationName = Release;
		};
		13B285B52804FBE3006A24EF /* Build configuration list for PBXNativeTarget "plantcare" */ = {
			isa = XCConfigurationList;
			buildConfigurations = (
				13B285B62804FBE3006A24EF /* Debug */,
				13B285B72804FBE3006A24EF /* Release */,
			);
			defaultConfigurationIsVisible = 0;
			defaultConfigurationName = Release;
		};
/* End XCConfigurationList section */

/* Begin XCVersionGroup section */
		13B285AA2804FBE2006A24EF /* plantcare.xcdatamodeld */ = {
			isa = XCVersionGroup;
			children = (
				13B285AB2804FBE2006A24EF /* plantcare.xcdatamodel */,
			);
			currentVersion = 13B285AB2804FBE2006A24EF /* plantcare.xcdatamodel */;
			path = plantcare.xcdatamodeld;
			sourceTree = "<group>";
			versionGroupType = wrapper.xcdatamodel;
		};
/* End XCVersionGroup section */
	};
	rootObject = 13B285962804FBE2006A24EF /* Project object */;
}
